{
  "name": "@govschema/skill",
  "version": "0.1.0",
  "lockfileVersion": 3,
  "requires": true,
  "packages": {
    "": {
      "name": "@govschema/skill",
      "version": "0.1.0",
      "license": "Apache-2.0",
      "dependencies": {
        "@govschema/client": "file:../govschema-client"
      },
      "engines": {
        "node": ">=18"
      }
    },
    "../govschema-client": {
      "name": "@govschema/client",
      "version": "0.1.0",
      "license": "Apache-2.0",
      "dependencies": {
        "ajv": "^8.17.1",
        "ajv-formats": "^3.0.1"
      },
      "engines": {
        "node": ">=18"
      }
    },
    "node_modules/@govschema/client": {
      "resolved": "../govschema-client",
      "link": true
    }
  }
}
